
Microsoft Visual Studio Solution File, Format Version 12.00
# Visual Studio Version 17
VisualStudioVersion = 17.0.31903.59
MinimumVisualStudioVersion = 10.0.40219.1
Project("{FAE04EC0-301F-11D3-BF4B-00C04F79EFBC}") = "BookStore.Api", "BookStore.Api\BookStore.Api.csproj", "{CD18A170-DBF6-4E68-9489-3127E42495DB}"
EndProject
Project("{FAE04EC0-301F-11D3-BF4B-00C04F79EFBC}") = "BookStore.Models", "BookStore.Models\BookStore.Models.csproj", "{89FD421E-C28D-4A02-8643-95270091541B}"
EndProject
Project("{FAE04EC0-301F-11D3-BF4B-00C04F79EFBC}") = "BookStore.Repository", "BookStore.Repository\BookStore.Repository.csproj", "{B331E296-960A-4656-96A6-F7D6EB7C29F3}"
EndProject
Global
	GlobalSection(SolutionConfigurationPlatforms) = preSolution
		Debug|Any CPU = Debug|Any CPU
		Release|Any CPU = Release|Any CPU
	EndGlobalSection
	GlobalSection(ProjectConfigurationPlatforms) = postSolution
		{CD18A170-DBF6-4E68-9489-3127E42495DB}.Debug|Any CPU.ActiveCfg = Debug|Any CPU
		{CD18A170-DBF6-4E68-9489-3127E42495DB}.Debug|Any CPU.Build.0 = Debug|Any CPU
		{CD18A170-DBF6-4E68-9489-3127E42495DB}.Release|Any CPU.ActiveCfg = Release|Any CPU
		{CD18A170-DBF6-4E68-9489-3127E42495DB}.Release|Any CPU.Build.0 = Release|Any CPU
		{89FD421E-C28D-4A02-8643-95270091541B}.Debug|Any CPU.ActiveCfg = Debug|Any CPU
		{89FD421E-C28D-4A02-8643-95270091541B}.Debug|Any CPU.Build.0 = Debug|Any CPU
		{89FD421E-C28D-4A02-8643-95270091541B}.Release|Any CPU.ActiveCfg = Release|Any CPU
		{89FD421E-C28D-4A02-8643-95270091541B}.Release|Any CPU.Build.0 = Release|Any CPU
		{B331E296-960A-4656-96A6-F7D6EB7C29F3}.Debug|Any CPU.ActiveCfg = Debug|Any CPU
		{B331E296-960A-4656-96A6-F7D6EB7C29F3}.Debug|Any CPU.Build.0 = Debug|Any CPU
		{B331E296-960A-4656-96A6-F7D6EB7C29F3}.Release|Any CPU.ActiveCfg = Release|Any CPU
		{B331E296-960A-4656-96A6-F7D6EB7C29F3}.Release|Any CPU.Build.0 = Release|Any CPU
	EndGlobalSection
	GlobalSection(SolutionProperties) = preSolution
		HideSolutionNode = FALSE
	EndGlobalSection
	GlobalSection(ExtensibilityGlobals) = postSolution
		SolutionGuid = {C8F4C59A-5ED9-40CE-A11A-75EADF59C46E}
	EndGlobalSection
EndGlobal
